
Microsoft Visual Studio Solution File, Format Version 12.00
# Visual Studio Version 17
VisualStudioVersion = 17.5.2.0
MinimumVisualStudioVersion = 10.0.40219.1
Project("{FAE04EC0-301F-11D3-BF4B-00C04F79EFBC}") = "ConsoleApp", "ConsoleApp\ConsoleApp.csproj", "{FC225F2C-39CD-469E-B857-AE9CF37D11A4}"
EndProject
Project("{FAE04EC0-301F-11D3-BF4B-00C04F79EFBC}") = "ConsoleApp.UnitTests", "ConsoleApp.UnitTests\ConsoleApp.UnitTests.csproj", "{DBBDAEAC-F0B9-41BC-B67E-A5726D339E1B}"
EndProject
Global
	GlobalSection(SolutionConfigurationPlatforms) = preSolution
		Debug|Any CPU = Debug|Any CPU
		Debug|x64 = Debug|x64
		Debug|x86 = Debug|x86
		Release|Any CPU = Release|Any CPU
		Release|x64 = Release|x64
		Release|x86 = Release|x86
	EndGlobalSection
	GlobalSection(ProjectConfigurationPlatforms) = postSolution
		{FC225F2C-39CD-469E-B857-AE9CF37D11A4}.Debug|Any CPU.ActiveCfg = Debug|Any CPU
		{FC225F2C-39CD-469E-B857-AE9CF37D11A4}.Debug|Any CPU.Build.0 = Debug|Any CPU
		{FC225F2C-39CD-469E-B857-AE9CF37D11A4}.Debug|x64.ActiveCfg = Debug|Any CPU
		{FC225F2C-39CD-469E-B857-AE9CF37D11A4}.Debug|x64.Build.0 = Debug|Any CPU
		{FC225F2C-39CD-469E-B857-AE9CF37D11A4}.Debug|x86.ActiveCfg = Debug|Any CPU
		{FC225F2C-39CD-469E-B857-AE9CF37D11A4}.Debug|x86.Build.0 = Debug|Any CPU
		{FC225F2C-39CD-469E-B857-AE9CF37D11A4}.Release|Any CPU.ActiveCfg = Release|Any CPU
		{FC225F2C-39CD-469E-B857-AE9CF37D11A4}.Release|Any CPU.Build.0 = Release|Any CPU
		{FC225F2C-39CD-469E-B857-AE9CF37D11A4}.Release|x64.ActiveCfg = Release|Any CPU
		{FC225F2C-39CD-469E-B857-AE9CF37D11A4}.Release|x64.Build.0 = Release|Any CPU
		{FC225F2C-39CD-469E-B857-AE9CF37D11A4}.Release|x86.ActiveCfg = Release|Any CPU
		{FC225F2C-39CD-469E-B857-AE9CF37D11A4}.Release|x86.Build.0 = Release|Any CPU
		{DBBDAEAC-F0B9-41BC-B67E-A5726D339E1B}.Debug|Any CPU.ActiveCfg = Debug|Any CPU
		{DBBDAEAC-F0B9-41BC-B67E-A5726D339E1B}.Debug|Any CPU.Build.0 = Debug|Any CPU
		{DBBDAEAC-F0B9-41BC-B67E-A5726D339E1B}.Debug|x64.ActiveCfg = Debug|Any CPU
		{DBBDAEAC-F0B9-41BC-B67E-A5726D339E1B}.Debug|x64.Build.0 = Debug|Any CPU
		{DBBDAEAC-F0B9-41BC-B67E-A5726D339E1B}.Debug|x86.ActiveCfg = Debug|Any CPU
		{DBBDAEAC-F0B9-41BC-B67E-A5726D339E1B}.Debug|x86.Build.0 = Debug|Any CPU
		{DBBDAEAC-F0B9-41BC-B67E-A5726D339E1B}.Release|Any CPU.ActiveCfg = Release|Any CPU
		{DBBDAEAC-F0B9-41BC-B67E-A5726D339E1B}.Release|Any CPU.Build.0 = Release|Any CPU
		{DBBDAEAC-F0B9-41BC-B67E-A5726D339E1B}.Release|x64.ActiveCfg = Release|Any CPU
		{DBBDAEAC-F0B9-41BC-B67E-A5726D339E1B}.Release|x64.Build.0 = Release|Any CPU
		{DBBDAEAC-F0B9-41BC-B67E-A5726D339E1B}.Release|x86.ActiveCfg = Release|Any CPU
		{DBBDAEAC-F0B9-41BC-B67E-A5726D339E1B}.Release|x86.Build.0 = Release|Any CPU
	EndGlobalSection
	GlobalSection(SolutionProperties) = preSolution
		HideSolutionNode = FALSE
	EndGlobalSection
	GlobalSection(ExtensibilityGlobals) = postSolution
		SolutionGuid = {3C24C86E-86B7-46AB-9FD2-A7D9E3CFB4EA}
	EndGlobalSection
EndGlobal
